
Microsoft Visual Studio Solution File, Format Version 12.00
# Visual Studio Version 17
VisualStudioVersion = 17.12.35527.113 d17.12
MinimumVisualStudioVersion = 10.0.40219.1
Project("{FAE04EC0-301F-11D3-BF4B-00C04F79EFBC}") = "Week1ConsoleApp1", "Week1ConsoleApp1\Week1ConsoleApp1.csproj", "{0A754ED1-5B71-43E8-BD20-094CA8D87D0F}"
EndProject
Project("{FAE04EC0-301F-11D3-BF4B-00C04F79EFBC}") = "Week1ClassLibrary1", "Week1ClassLibrary1\Week1ClassLibrary1.csproj", "{3B04749F-CFE9-4005-BE25-DB3797145F41}"
EndProject
Global
	GlobalSection(SolutionConfigurationPlatforms) = preSolution
		Debug|Any CPU = Debug|Any CPU
		Release|Any CPU = Release|Any CPU
	EndGlobalSection
	GlobalSection(ProjectConfigurationPlatforms) = postSolution
		{0A754ED1-5B71-43E8-BD20-094CA8D87D0F}.Debug|Any CPU.ActiveCfg = Debug|Any CPU
		{0A754ED1-5B71-43E8-BD20-094CA8D87D0F}.Debug|Any CPU.Build.0 = Debug|Any CPU
		{0A754ED1-5B71-43E8-BD20-094CA8D87D0F}.Release|Any CPU.ActiveCfg = Release|Any CPU
		{0A754ED1-5B71-43E8-BD20-094CA8D87D0F}.Release|Any CPU.Build.0 = Release|Any CPU
		{3B04749F-CFE9-4005-BE25-DB3797145F41}.Debug|Any CPU.ActiveCfg = Debug|Any CPU
		{3B04749F-CFE9-4005-BE25-DB3797145F41}.Debug|Any CPU.Build.0 = Debug|Any CPU
		{3B04749F-CFE9-4005-BE25-DB3797145F41}.Release|Any CPU.ActiveCfg = Release|Any CPU
		{3B04749F-CFE9-4005-BE25-DB3797145F41}.Release|Any CPU.Build.0 = Release|Any CPU
	EndGlobalSection
	GlobalSection(SolutionProperties) = preSolution
		HideSolutionNode = FALSE
	EndGlobalSection
EndGlobal
